// !$*UTF8*$!
{
	archiveVersion = 1;
	classes = {
	};
	objectVersion = 46;
	objects = {

/* Begin PBXBuildFile section */
		EFBBFF981933568D001CCF65 /* Foundation.framework in Frameworks */ = {isa = PBXBuildFile; fileRef = EFBBFF971933568D001CCF65 /* Foundation.framework */; };
		EFBBFF9A1933568D001CCF65 /* CoreGraphics.framework in Frameworks */ = {isa = PBXBuildFile; fileRef = EFBBFF991933568D001CCF65 /* CoreGraphics.framework */; };
		EFBBFF9C1933568D001CCF65 /* UIKit.framework in Frameworks */ = {isa = PBXBuildFile; fileRef = EFBBFF9B1933568D001CCF65 /* UIKit.framework */; };
		EFBBFF9E1933568D001CCF65 /* SpriteKit.framework in Frameworks */ = {isa = PBXBuildFile; fileRef = EFBBFF9D1933568D001CCF65 /* SpriteKit.framework */; };
		EFBBFFA41933568E001CCF65 /* InfoPlist.strings in Resources */ = {isa = PBXBuildFile; fileRef = EFBBFFA21933568E001CCF65 /* InfoPlist.strings */; };
		EFBBFFA61933568E001CCF65 /* main.m in Sources */ = {isa = PBXBuildFile; fileRef = EFBBFFA51933568E001CCF65 /* main.m */; };
		EFBBFFAA1933568E001CCF65 /* BeeAppDelegate.m in Sources */ = {isa = PBXBuildFile; fileRef = EFBBFFA91933568E001CCF65 /* BeeAppDelegate.m */; };
		EFBBFFAD1933568E001CCF65 /* Main.storyboard in Resources */ = {isa = PBXBuildFile; fileRef = EFBBFFAB1933568E001CCF65 /* Main.storyboard */; };
		EFBBFFB01933568E001CCF65 /* BeeViewController.m in Sources */ = {isa = PBXBuildFile; fileRef = EFBBFFAF1933568E001CCF65 /* BeeViewController.m */; };
		EFBBFFB31933568E001CCF65 /* BeeMyScene.m in Sources */ = {isa = PBXBuildFile; fileRef = EFBBFFB21933568E001CCF65 /* BeeMyScene.m */; };
		EFBBFFB71933568E001CCF65 /* Images.xcassets in Resources */ = {isa = PBXBuildFile; fileRef = EFBBFFB61933568E001CCF65 /* Images.xcassets */; };
		EFBBFFBE1933568E001CCF65 /* XCTest.framework in Frameworks */ = {isa = PBXBuildFile; fileRef = EFBBFFBD1933568E001CCF65 /* XCTest.framework */; };
		EFBBFFBF1933568E001CCF65 /* Foundation.framework in Frameworks */ = {isa = PBXBuildFile; fileRef = EFBBFF971933568D001CCF65 /* Foundation.framework */; };
		EFBBFFC01933568E001CCF65 /* UIKit.framework in Frameworks */ = {isa = PBXBuildFile; fileRef = EFBBFF9B1933568D001CCF65 /* UIKit.framework */; };
		EFBBFFC81933568E001CCF65 /* InfoPlist.strings in Resources */ = {isa = PBXBuildFile; fileRef = EFBBFFC61933568E001CCF65 /* InfoPlist.strings */; };
		EFBBFFCA1933568E001CCF65 /* beeprotoTests.m in Sources */ = {isa = PBXBuildFile; fileRef = EFBBFFC91933568E001CCF65 /* beeprotoTests.m */; };
/* End PBXBuildFile section */

/* Begin PBXContainerItemProxy section */
		EFBBFFC11933568E001CCF65 /* PBXContainerItemProxy */ = {
			isa = PBXContainerItemProxy;
			containerPortal = EFBBFF8C1933568D001CCF65 /* Project object */;
			proxyType = 1;
			remoteGlobalIDString = EFBBFF931933568D001CCF65;
			remoteInfo = beeproto;
		};
/* End PBXContainerItemProxy section */

/* Begin PBXFileReference section */
		EFBBFF941933568D001CCF65 /* beeproto.app */ = {isa = PBXFileReference; explicitFileType = wrapper.application; includeInIndex = 0; path = beeproto.app; sourceTree = BUILT_PRODUCTS_DIR; };
		EFBBFF971933568D001CCF65 /* Foundation.framework */ = {isa = PBXFileReference; lastKnownFileType = wrapper.framework; name = Foundation.framework; path = System/Library/Frameworks/Foundation.framework; sourceTree = SDKROOT; };
		EFBBFF991933568D001CCF65 /* CoreGraphics.framework */ = {isa = PBXFileReference; lastKnownFileType = wrapper.framework; name = CoreGraphics.framework; path = System/Library/Frameworks/CoreGraphics.framework; sourceTree = SDKROOT; };
		EFBBFF9B1933568D001CCF65 /* UIKit.framework */ = {isa = PBXFileReference; lastKnownFileType = wrapper.framework; name = UIKit.framework; path = System/Library/Frameworks/UIKit.framework; sourceTree = SDKROOT; };
		EFBBFF9D1933568D001CCF65 /* SpriteKit.framework */ = {isa = PBXFileReference; lastKnownFileType = wrapper.framework; name = SpriteKit.framework; path = System/Library/Frameworks/SpriteKit.framework; sourceTree = SDKROOT; };
		EFBBFFA11933568E001CCF65 /* beeproto-Info.plist */ = {isa = PBXFileReference; lastKnownFileType = text.plist.xml; path = "beeproto-Info.plist"; sourceTree = "<group>"; };
		EFBBFFA31933568E001CCF65 /* en */ = {isa = PBXFileReference; lastKnownFileType = text.plist.strings; name = en; path = en.lproj/InfoPlist.strings; sourceTree = "<group>"; };
		EFBBFFA51933568E001CCF65 /* main.m */ = {isa = PBXFileReference; lastKnownFileType = sourcecode.c.objc; path = main.m; sourceTree = "<group>"; };
		EFBBFFA71933568E001CCF65 /* beeproto-Prefix.pch */ = {isa = PBXFileReference; lastKnownFileType = sourcecode.c.h; path = "beeproto-Prefix.pch"; sourceTree = "<group>"; };
		EFBBFFA81933568E001CCF65 /* BeeAppDelegate.h */ = {isa = PBXFileReference; lastKnownFileType = sourcecode.c.h; path = BeeAppDelegate.h; sourceTree = "<group>"; };
		EFBBFFA91933568E001CCF65 /* BeeAppDelegate.m */ = {isa = PBXFileReference; lastKnownFileType = sourcecode.c.objc; path = BeeAppDelegate.m; sourceTree = "<group>"; };
		EFBBFFAC1933568E001CCF65 /* Base */ = {isa = PBXFileReference; lastKnownFileType = file.storyboard; name = Base; path = Base.lproj/Main.storyboard; sourceTree = "<group>"; };
		EFBBFFAE1933568E001CCF65 /* BeeViewController.h */ = {isa = PBXFileReference; lastKnownFileType = sourcecode.c.h; path = BeeViewController.h; sourceTree = "<group>"; };
		EFBBFFAF1933568E001CCF65 /* BeeViewController.m */ = {isa = PBXFileReference; lastKnownFileType = sourcecode.c.objc; path = BeeViewController.m; sourceTree = "<group>"; };
		EFBBFFB11933568E001CCF65 /* BeeMyScene.h */ = {isa = PBXFileReference; lastKnownFileType = sourcecode.c.h; path = BeeMyScene.h; sourceTree = "<group>"; };
		EFBBFFB21933568E001CCF65 /* BeeMyScene.m */ = {isa = PBXFileReference; lastKnownFileType = sourcecode.c.objc; path = BeeMyScene.m; sourceTree = "<group>"; };
		EFBBFFB61933568E001CCF65 /* Images.xcassets */ = {isa = PBXFileReference; lastKnownFileType = folder.assetcatalog; path = Images.xcassets; sourceTree = "<group>"; };
		EFBBFFBC1933568E001CCF65 /* beeprotoTests.xctest */ = {isa = PBXFileReference; explicitFileType = wrapper.cfbundle; includeInIndex = 0; path = beeprotoTests.xctest; sourceTree = BUILT_PRODUCTS_DIR; };
		EFBBFFBD1933568E001CCF65 /* XCTest.framework */ = {isa = PBXFileReference; lastKnownFileType = wrapper.framework; name = XCTest.framework; path = Library/Frameworks/XCTest.framework; sourceTree = DEVELOPER_DIR; };
		EFBBFFC51933568E001CCF65 /* beeprotoTests-Info.plist */ = {isa = PBXFileReference; lastKnownFileType = text.plist.xml; path = "beeprotoTests-Info.plist"; sourceTree = "<group>"; };
		EFBBFFC71933568E001CCF65 /* en */ = {isa = PBXFileReference; lastKnownFileType = text.plist.strings; name = en; path = en.lproj/InfoPlist.strings; sourceTree = "<group>"; };
		EFBBFFC91933568E001CCF65 /* beeprotoTests.m */ = {isa = PBXFileReference; lastKnownFileType = sourcecode.c.objc; path = beeprotoTests.m; sourceTree = "<group>"; };
/* End PBXFileReference section */

/* Begin PBXFrameworksBuildPhase section */
		EFBBFF911933568D001CCF65 /* Frameworks */ = {
			isa = PBXFrameworksBuildPhase;
			buildActionMask = 2147483647;
			files = (
				EFBBFF9A1933568D001CCF65 /* CoreGraphics.framework in Frameworks */,
				EFBBFF9C1933568D001CCF65 /* UIKit.framework in Frameworks */,
				EFBBFF9E1933568D001CCF65 /* SpriteKit.framework in Frameworks */,
				EFBBFF981933568D001CCF65 /* Foundation.framework in Frameworks */,
			);
			runOnlyForDeploymentPostprocessing = 0;
		};
		EFBBFFB91933568E001CCF65 /* Frameworks */ = {
			isa = PBXFrameworksBuildPhase;
			buildActionMask = 2147483647;
			files = (
				EFBBFFBE1933568E001CCF65 /* XCTest.framework in Frameworks */,
				EFBBFFC01933568E001CCF65 /* UIKit.framework in Frameworks */,
				EFBBFFBF1933568E001CCF65 /* Foundation.framework in Frameworks */,
			);
			runOnlyForDeploymentPostprocessing = 0;
		};
/* End PBXFrameworksBuildPhase section */

/* Begin PBXGroup section */
		EFBBFF8B1933568D001CCF65 = {
			isa = PBXGroup;
			children = (
				EFBBFF9F1933568D001CCF65 /* beeproto */,
				EFBBFFC31933568E001CCF65 /* beeprotoTests */,
				EFBBFF961933568D001CCF65 /* Frameworks */,
				EFBBFF951933568D001CCF65 /* Products */,
			);
			sourceTree = "<group>";
		};
		EFBBFF951933568D001CCF65 /* Products */ = {
			isa = PBXGroup;
			children = (
				EFBBFF941933568D001CCF65 /* beeproto.app */,
				EFBBFFBC1933568E001CCF65 /* beeprotoTests.xctest */,
			);
			name = Products;
			sourceTree = "<group>";
		};
		EFBBFF961933568D001CCF65 /* Frameworks */ = {
			isa = PBXGroup;
			children = (
				EFBBFF971933568D001CCF65 /* Foundation.framework */,
				EFBBFF991933568D001CCF65 /* CoreGraphics.framework */,
				EFBBFF9B1933568D001CCF65 /* UIKit.framework */,
				EFBBFF9D1933568D001CCF65 /* SpriteKit.framework */,
				EFBBFFBD1933568E001CCF65 /* XCTest.framework */,
			);
			name = Frameworks;
			sourceTree = "<group>";
		};
		EFBBFF9F1933568D001CCF65 /* beeproto */ = {
			isa = PBXGroup;
			children = (
				EFBBFFA81933568E001CCF65 /* BeeAppDelegate.h */,
				EFBBFFA91933568E001CCF65 /* BeeAppDelegate.m */,
				EFBBFFAB1933568E001CCF65 /* Main.storyboard */,
				EFBBFFAE1933568E001CCF65 /* BeeViewController.h */,
				EFBBFFAF1933568E001CCF65 /* BeeViewController.m */,
				EFBBFFB11933568E001CCF65 /* BeeMyScene.h */,
				EFBBFFB21933568E001CCF65 /* BeeMyScene.m */,
				EFBBFFB61933568E001CCF65 /* Images.xcassets */,
				EFBBFFA01933568D001CCF65 /* Supporting Files */,
			);
			path = beeproto;
			sourceTree = "<group>";
		};
		EFBBFFA01933568D001CCF65 /* Supporting Files */ = {
			isa = PBXGroup;
			children = (
				EFBBFFA11933568E001CCF65 /* beeproto-Info.plist */,
				EFBBFFA21933568E001CCF65 /* InfoPlist.strings */,
				EFBBFFA51933568E001CCF65 /* main.m */,
				EFBBFFA71933568E001CCF65 /* beeproto-Prefix.pch */,
			);
			name = "Supporting Files";
			sourceTree = "<group>";
		};
		EFBBFFC31933568E001CCF65 /* beeprotoTests */ = {
			isa = PBXGroup;
			children = (
				EFBBFFC91933568E001CCF65 /* beeprotoTests.m */,
				EFBBFFC41933568E001CCF65 /* Supporting Files */,
			);
			path = beeprotoTests;
			sourceTree = "<group>";
		};
		EFBBFFC41933568E001CCF65 /* Supporting Files */ = {
			isa = PBXGroup;
			children = (
				EFBBFFC51933568E001CCF65 /* beeprotoTests-Info.plist */,
				EFBBFFC61933568E001CCF65 /* InfoPlist.strings */,
			);
			name = "Supporting Files";
			sourceTree = "<group>";
		};
/* End PBXGroup section */

/* Begin PBXNativeTarget section */
		EFBBFF931933568D001CCF65 /* beeproto */ = {
			isa = PBXNativeTarget;
			buildConfigurationList = EFBBFFCD1933568E001CCF65 /* Build configuration list for PBXNativeTarget "beeproto" */;
			buildPhases = (
				EFBBFF901933568D001CCF65 /* Sources */,
				EFBBFF911933568D001CCF65 /* Frameworks */,
				EFBBFF921933568D001CCF65 /* Resources */,
			);
			buildRules = (
			);
			dependencies = (
			);
			name = beeproto;
			productName = beeproto;
			productReference = EFBBFF941933568D001CCF65 /* beeproto.app */;
			productType = "com.apple.product-type.application";
		};
		EFBBFFBB1933568E001CCF65 /* beeprotoTests */ = {
			isa = PBXNativeTarget;
			buildConfigurationList = EFBBFFD01933568E001CCF65 /* Build configuration list for PBXNativeTarget "beeprotoTests" */;
			buildPhases = (
				EFBBFFB81933568E001CCF65 /* Sources */,
				EFBBFFB91933568E001CCF65 /* Frameworks */,
				EFBBFFBA1933568E001CCF65 /* Resources */,
			);
			buildRules = (
			);
			dependencies = (
				EFBBFFC21933568E001CCF65 /* PBXTargetDependency */,
			);
			name = beeprotoTests;
			productName = beeprotoTests;
			productReference = EFBBFFBC1933568E001CCF65 /* beeprotoTests.xctest */;
			productType = "com.apple.product-type.bundle.unit-test";
		};
/* End PBXNativeTarget section */

/* Begin PBXProject section */
		EFBBFF8C1933568D001CCF65 /* Project object */ = {
			isa = PBXProject;
			attributes = {
				CLASSPREFIX = Bee;
				LastUpgradeCheck = 0510;
				ORGANIZATIONNAME = SR23;
				TargetAttributes = {
					EFBBFFBB1933568E001CCF65 = {
						TestTargetID = EFBBFF931933568D001CCF65;
					};
				};
			};
			buildConfigurationList = EFBBFF8F1933568D001CCF65 /* Build configuration list for PBXProject "beeproto" */;
			compatibilityVersion = "Xcode 3.2";
			developmentRegion = English;
			hasScannedForEncodings = 0;
			knownRegions = (
				en,
				Base,
			);
			mainGroup = EFBBFF8B1933568D001CCF65;
			productRefGroup = EFBBFF951933568D001CCF65 /* Products */;
			projectDirPath = "";
			projectRoot = "";
			targets = (
				EFBBFF931933568D001CCF65 /* beeproto */,
				EFBBFFBB1933568E001CCF65 /* beeprotoTests */,
			);
		};
/* End PBXProject section */

/* Begin PBXResourcesBuildPhase section */
		EFBBFF921933568D001CCF65 /* Resources */ = {
			isa = PBXResourcesBuildPhase;
			buildActionMask = 2147483647;
			files = (
				EFBBFFA41933568E001CCF65 /* InfoPlist.strings in Resources */,
				EFBBFFB71933568E001CCF65 /* Images.xcassets in Resources */,
				EFBBFFAD1933568E001CCF65 /* Main.storyboard in Resources */,
			);
			runOnlyForDeploymentPostprocessing = 0;
		};
		EFBBFFBA1933568E001CCF65 /* Resources */ = {
			isa = PBXResourcesBuildPhase;
			buildActionMask = 2147483647;
			files = (
				EFBBFFC81933568E001CCF65 /* InfoPlist.strings in Resources */,
			);
			runOnlyForDeploymentPostprocessing = 0;
		};
/* End PBXResourcesBuildPhase section */

/* Begin PBXSourcesBuildPhase section */
		EFBBFF901933568D001CCF65 /* Sources */ = {
			isa = PBXSourcesBuildPhase;
			buildActionMask = 2147483647;
			files = (
				EFBBFFA61933568E001CCF65 /* main.m in Sources */,
				EFBBFFB01933568E001CCF65 /* BeeViewController.m in Sources */,
				EFBBFFAA1933568E001CCF65 /* BeeAppDelegate.m in Sources */,
				EFBBFFB31933568E001CCF65 /* BeeMyScene.m in Sources */,
			);
			runOnlyForDeploymentPostprocessing = 0;
		};
		EFBBFFB81933568E001CCF65 /* Sources */ = {
			isa = PBXSourcesBuildPhase;
			buildActionMask = 2147483647;
			files = (
				EFBBFFCA1933568E001CCF65 /* beeprotoTests.m in Sources */,
			);
			runOnlyForDeploymentPostprocessing = 0;
		};
/* End PBXSourcesBuildPhase section */

/* Begin PBXTargetDependency section */
		EFBBFFC21933568E001CCF65 /* PBXTargetDependency */ = {
			isa = PBXTargetDependency;
			target = EFBBFF931933568D001CCF65 /* beeproto */;
			targetProxy = EFBBFFC11933568E001CCF65 /* PBXContainerItemProxy */;
		};
/* End PBXTargetDependency section */

/* Begin PBXVariantGroup section */
		EFBBFFA21933568E001CCF65 /* InfoPlist.strings */ = {
			isa = PBXVariantGroup;
			children = (
				EFBBFFA31933568E001CCF65 /* en */,
			);
			name = InfoPlist.strings;
			sourceTree = "<group>";
		};
		EFBBFFAB1933568E001CCF65 /* Main.storyboard */ = {
			isa = PBXVariantGroup;
			children = (
				EFBBFFAC1933568E001CCF65 /* Base */,
			);
			name = Main.storyboard;
			sourceTree = "<group>";
		};
		EFBBFFC61933568E001CCF65 /* InfoPlist.strings */ = {
			isa = PBXVariantGroup;
			children = (
				EFBBFFC71933568E001CCF65 /* en */,
			);
			name = InfoPlist.strings;
			sourceTree = "<group>";
		};
/* End PBXVariantGroup section */

/* Begin XCBuildConfiguration section */
		EFBBFFCB1933568E001CCF65 /* Debug */ = {
			isa = XCBuildConfiguration;
			buildSettings = {
				ALWAYS_SEARCH_USER_PATHS = NO;
				CLANG_CXX_LANGUAGE_STANDARD = "gnu++0x";
				CLANG_CXX_LIBRARY = "libc++";
				CLANG_ENABLE_MODULES = YES;
				CLANG_ENABLE_OBJC_ARC = YES;
				CLANG_WARN_BOOL_CONVERSION = YES;
				CLANG_WARN_CONSTANT_CONVERSION = YES;
				CLANG_WARN_DIRECT_OBJC_ISA_USAGE = YES_ERROR;
				CLANG_WARN_EMPTY_BODY = YES;
				CLANG_WARN_ENUM_CONVERSION = YES;
				CLANG_WARN_INT_CONVERSION = YES;
				CLANG_WARN_OBJC_ROOT_CLASS = YES_ERROR;
				CLANG_WARN__DUPLICATE_METHOD_MATCH = YES;
				"CODE_SIGN_IDENTITY[sdk=iphoneos*]" = "iPhone Developer";
				COPY_PHASE_STRIP = NO;
				GCC_C_LANGUAGE_STANDARD = gnu99;
				GCC_DYNAMIC_NO_PIC = NO;
				GCC_OPTIMIZATION_LEVEL = 0;
				GCC_PREPROCESSOR_DEFINITIONS = (
					"DEBUG=1",
					"$(inherited)",
				);
				GCC_SYMBOLS_PRIVATE_EXTERN = NO;
				GCC_WARN_64_TO_32_BIT_CONVERSION = YES;
				GCC_WARN_ABOUT_RETURN_TYPE = YES_ERROR;
				GCC_WARN_UNDECLARED_SELECTOR = YES;
				GCC_WARN_UNINITIALIZED_AUTOS = YES_AGGRESSIVE;
				GCC_WARN_UNUSED_FUNCTION = YES;
				GCC_WARN_UNUSED_VARIABLE = YES;
				IPHONEOS_DEPLOYMENT_TARGET = 7.1;
				ONLY_ACTIVE_ARCH = YES;
				SDKROOT = iphoneos;
			};
			name = Debug;
		};
		EFBBFFCC1933568E001CCF65 /* Release */ = {
			isa = XCBuildConfiguration;
			buildSettings = {
				ALWAYS_SEARCH_USER_PATHS = NO;
				CLANG_CXX_LANGUAGE_STANDARD = "gnu++0x";
				CLANG_CXX_LIBRARY = "libc++";
				CLANG_ENABLE_MODULES = YES;
				CLANG_ENABLE_OBJC_ARC = YES;
				CLANG_WARN_BOOL_CONVERSION = YES;
				CLANG_WARN_CONSTANT_CONVERSION = YES;
				CLANG_WARN_DIRECT_OBJC_ISA_USAGE = YES_ERROR;
				CLANG_WARN_EMPTY_BODY = YES;
				CLANG_WARN_ENUM_CONVERSION = YES;
				CLANG_WARN_INT_CONVERSION = YES;
				CLANG_WARN_OBJC_ROOT_CLASS = YES_ERROR;
				CLANG_WARN__DUPLICATE_METHOD_MATCH = YES;
				"CODE_SIGN_IDENTITY[sdk=iphoneos*]" = "iPhone Developer";
				COPY_PHASE_STRIP = YES;
				ENABLE_NS_ASSERTIONS = NO;
				GCC_C_LANGUAGE_STANDARD = gnu99;
				GCC_WARN_64_TO_32_BIT_CONVERSION = YES;
				GCC_WARN_ABOUT_RETURN_TYPE = YES_ERROR;
				GCC_WARN_UNDECLARED_SELECTOR = YES;
				GCC_WARN_UNINITIALIZED_AUTOS = YES_AGGRESSIVE;
				GCC_WARN_UNUSED_FUNCTION = YES;
				GCC_WARN_UNUSED_VARIABLE = YES;
				IPHONEOS_DEPLOYMENT_TARGET = 7.1;
				SDKROOT = iphoneos;
				VALIDATE_PRODUCT = YES;
			};
			name = Release;
		};
		EFBBFFCE1933568E001CCF65 /* Debug */ = {
			isa = XCBuildConfiguration;
			buildSettings = {
				ASSETCATALOG_COMPILER_APPICON_NAME = AppIcon;
				ASSETCATALOG_COMPILER_LAUNCHIMAGE_NAME = LaunchImage;
				GCC_PRECOMPILE_PREFIX_HEADER = YES;
				GCC_PREFIX_HEADER = "beeproto/beeproto-Prefix.pch";
				INFOPLIST_FILE = "beeproto/beeproto-Info.plist";
				PRODUCT_NAME = "$(TARGET_NAME)";
				SPRITEKIT_TEXTURE_ATLAS_OUTPUT = YES;
				WRAPPER_EXTENSION = app;
			};
			name = Debug;
		};
		EFBBFFCF1933568E001CCF65 /* Release */ = {
			isa = XCBuildConfiguration;
			buildSettings = {
				ASSETCATALOG_COMPILER_APPICON_NAME = AppIcon;
				ASSETCATALOG_COMPILER_LAUNCHIMAGE_NAME = LaunchImage;
				GCC_PRECOMPILE_PREFIX_HEADER = YES;
				GCC_PREFIX_HEADER = "beeproto/beeproto-Prefix.pch";
				INFOPLIST_FILE = "beeproto/beeproto-Info.plist";
				PRODUCT_NAME = "$(TARGET_NAME)";
				SPRITEKIT_TEXTURE_ATLAS_OUTPUT = YES;
				WRAPPER_EXTENSION = app;
			};
			name = Release;
		};
		EFBBFFD11933568E001CCF65 /* Debug */ = {
			isa = XCBuildConfiguration;
			buildSettings = {
				BUNDLE_LOADER = "$(BUILT_PRODUCTS_DIR)/beeproto.app/beeproto";
				FRAMEWORK_SEARCH_PATHS = (
					"$(SDKROOT)/Developer/Library/Frameworks",
					"$(inherited)",
					"$(DEVELOPER_FRAMEWORKS_DIR)",
				);
				GCC_PRECOMPILE_PREFIX_HEADER = YES;
				GCC_PREFIX_HEADER = "beeproto/beeproto-Prefix.pch";
				GCC_PREPROCESSOR_DEFINITIONS = (
					"DEBUG=1",
					"$(inherited)",
				);
				INFOPLIST_FILE = "beeprotoTests/beeprotoTests-Info.plist";
				PRODUCT_NAME = "$(TARGET_NAME)";
				TEST_HOST = "$(BUNDLE_LOADER)";
				WRAPPER_EXTENSION = xctest;
			};
			name = Debug;
		};
		EFBBFFD21933568E001CCF65 /* Release */ = {
			isa = XCBuildConfiguration;
			buildSettings = {
				BUNDLE_LOADER = "$(BUILT_PRODUCTS_DIR)/beeproto.app/beeproto";
				FRAMEWORK_SEARCH_PATHS = (
					"$(SDKROOT)/Developer/Library/Frameworks",
					"$(inherited)",
					"$(DEVELOPER_FRAMEWORKS_DIR)",
				);
				GCC_PRECOMPILE_PREFIX_HEADER = YES;
				GCC_PREFIX_HEADER = "beeproto/beeproto-Prefix.pch";
				INFOPLIST_FILE = "beeprotoTests/beeprotoTests-Info.plist";
				PRODUCT_NAME = "$(TARGET_NAME)";
				TEST_HOST = "$(BUNDLE_LOADER)";
				WRAPPER_EXTENSION = xctest;
			};
			name = Release;
		};
/* End XCBuildConfiguration section */

/* Begin XCConfigurationList section */
		EFBBFF8F1933568D001CCF65 /* Build configuration list for PBXProject "beeproto" */ = {
			isa = XCConfigurationList;
			buildConfigurations = (
				EFBBFFCB1933568E001CCF65 /* Debug */,
				EFBBFFCC1933568E001CCF65 /* Release */,
			);
			defaultConfigurationIsVisible = 0;
			defaultConfigurationName = Release;
		};
		EFBBFFCD1933568E001CCF65 /* Build configuration list for PBXNativeTarget "beeproto" */ = {
			isa = XCConfigurationList;
			buildConfigurations = (
				EFBBFFCE1933568E001CCF65 /* Debug */,
				EFBBFFCF1933568E001CCF65 /* Release */,
			);
			defaultConfigurationIsVisible = 0;
		};
		EFBBFFD01933568E001CCF65 /* Build configuration list for PBXNativeTarget "beeprotoTests" */ = {
			isa = XCConfigurationList;
			buildConfigurations = (
				EFBBFFD11933568E001CCF65 /* Debug */,
				EFBBFFD21933568E001CCF65 /* Release */,
			);
			defaultConfigurationIsVisible = 0;
		};
/* End XCConfigurationList section */
	};
	rootObject = EFBBFF8C1933568D001CCF65 /* Project object */;
}
